
Microsoft Visual Studio Solution File, Format Version 12.00
# Visual Studio 2015
Project("{FAE04EC0-301F-11D3-BF4B-00C04F79EFBC}") = "animperium.CSharp.Plugins", "animperium.CSharp.Plugins.csproj", "{56E425B9-885B-8B8B-1978-2D51393D3D02}"
EndProject
Project("{FAE04EC0-301F-11D3-BF4B-00C04F79EFBC}") = "animperium.CSharp", "animperium.CSharp.csproj", "{F1864234-8489-6A96-CE7B-6A56622E5746}"
EndProject
Project("{FAE04EC0-301F-11D3-BF4B-00C04F79EFBC}") = "animperium.CSharp.Editor", "animperium.CSharp.Editor.csproj", "{2CF68D9F-4752-D603-E581-6D7C390276CE}"
EndProject
Global
	GlobalSection(SolutionConfigurationPlatforms) = preSolution
		Debug|Any CPU = Debug|Any CPU
		Release|Any CPU = Release|Any CPU
	EndGlobalSection
	GlobalSection(ProjectConfigurationPlatforms) = postSolution
		{56E425B9-885B-8B8B-1978-2D51393D3D02}.Debug|Any CPU.ActiveCfg = Debug|Any CPU
		{56E425B9-885B-8B8B-1978-2D51393D3D02}.Debug|Any CPU.Build.0 = Debug|Any CPU
		{56E425B9-885B-8B8B-1978-2D51393D3D02}.Release|Any CPU.ActiveCfg = Release|Any CPU
		{56E425B9-885B-8B8B-1978-2D51393D3D02}.Release|Any CPU.Build.0 = Release|Any CPU
		{F1864234-8489-6A96-CE7B-6A56622E5746}.Debug|Any CPU.ActiveCfg = Debug|Any CPU
		{F1864234-8489-6A96-CE7B-6A56622E5746}.Debug|Any CPU.Build.0 = Debug|Any CPU
		{F1864234-8489-6A96-CE7B-6A56622E5746}.Release|Any CPU.ActiveCfg = Release|Any CPU
		{F1864234-8489-6A96-CE7B-6A56622E5746}.Release|Any CPU.Build.0 = Release|Any CPU
		{2CF68D9F-4752-D603-E581-6D7C390276CE}.Debug|Any CPU.ActiveCfg = Debug|Any CPU
		{2CF68D9F-4752-D603-E581-6D7C390276CE}.Debug|Any CPU.Build.0 = Debug|Any CPU
		{2CF68D9F-4752-D603-E581-6D7C390276CE}.Release|Any CPU.ActiveCfg = Release|Any CPU
		{2CF68D9F-4752-D603-E581-6D7C390276CE}.Release|Any CPU.Build.0 = Release|Any CPU
	EndGlobalSection
	GlobalSection(SolutionProperties) = preSolution
		HideSolutionNode = FALSE
	EndGlobalSection
EndGlobal
